
Microsoft Visual Studio Solution File, Format Version 12.00
# Visual Studio 15
VisualStudioVersion = 15.0.28307.902
MinimumVisualStudioVersion = 10.0.40219.1
Project("{FAE04EC0-301F-11D3-BF4B-00C04F79EFBC}") = "MoleShooter", "MoleShooter\MoleShooter.csproj", "{A5C93EFE-8C45-4B42-A501-5D068DD6A6D1}"
EndProject
Global
	GlobalSection(SolutionConfigurationPlatforms) = preSolution
		Debug|Any CPU = Debug|Any CPU
		Release|Any CPU = Release|Any CPU
	EndGlobalSection
	GlobalSection(ProjectConfigurationPlatforms) = postSolution
		{A5C93EFE-8C45-4B42-A501-5D068DD6A6D1}.Debug|Any CPU.ActiveCfg = Debug|Any CPU
		{A5C93EFE-8C45-4B42-A501-5D068DD6A6D1}.Debug|Any CPU.Build.0 = Debug|Any CPU
		{A5C93EFE-8C45-4B42-A501-5D068DD6A6D1}.Release|Any CPU.ActiveCfg = Release|Any CPU
		{A5C93EFE-8C45-4B42-A501-5D068DD6A6D1}.Release|Any CPU.Build.0 = Release|Any CPU
	EndGlobalSection
	GlobalSection(SolutionProperties) = preSolution
		HideSolutionNode = FALSE
	EndGlobalSection
	GlobalSection(ExtensibilityGlobals) = postSolution
		SolutionGuid = {EA7BCA3A-EEAB-4A8E-9A54-A9F94C149A62}
	EndGlobalSection
EndGlobal
